// !$*UTF8*$!
{
	archiveVersion = 1;
	classes = {
	};
	objectVersion = 77;
	objects = {

/* Begin PBXBuildFile section */
		813DEDAF2DFEE84800DD153F /* RevenueCat in Frameworks */ = {isa = PBXBuildFile; productRef = 813DEDAE2DFEE84800DD153F /* RevenueCat */; };
		813DEDB12DFEE84800DD153F /* RevenueCatUI in Frameworks */ = {isa = PBXBuildFile; productRef = 813DEDB02DFEE84800DD153F /* RevenueCatUI */; };
		813DEDB42DFEE8B800DD153F /* FirebaseAnalytics in Frameworks */ = {isa = PBXBuildFile; productRef = 813DEDB32DFEE8B800DD153F /* FirebaseAnalytics */; };
		813DEDB62DFEE8B800DD153F /* FirebaseAnalyticsWithoutAdIdSupport in Frameworks */ = {isa = PBXBuildFile; productRef = 813DEDB52DFEE8B800DD153F /* FirebaseAnalyticsWithoutAdIdSupport */; };
		813DEDBA2DFEE8B800DD153F /* FirebaseMessaging in Frameworks */ = {isa = PBXBuildFile; productRef = 813DEDB92DFEE8B800DD153F /* FirebaseMessaging */; };
		81BB258B2E560E400025DBC6 /* StoreKit.framework in Frameworks */ = {isa = PBXBuildFile; fileRef = 81BB258A2E560E400025DBC6 /* StoreKit.framework */; };
		81E68C302E0B0F500073A284 /* AppsFlyerLib-Static in Frameworks */ = {isa = PBXBuildFile; productRef = 81E68C2F2E0B0F500073A284 /* AppsFlyerLib-Static */; };
		E1531074C91D6DC467771821 /* Pods_call_recorder.framework in Frameworks */ = {isa = PBXBuildFile; fileRef = B2941999BCB85361B8EE93AF /* Pods_call_recorder.framework */; };
/* End PBXBuildFile section */

/* Begin PBXFileReference section */
		5C6BDBB35CD0D516888B8345 /* Pods-call recorder.debug.xcconfig */ = {isa = PBXFileReference; includeInIndex = 1; lastKnownFileType = text.xcconfig; name = "Pods-call recorder.debug.xcconfig"; path = "Target Support Files/Pods-call recorder/Pods-call recorder.debug.xcconfig"; sourceTree = "<group>"; };
		5CAE45272DF1E4F200CDE306 /* call recorder.app */ = {isa = PBXFileReference; explicitFileType = wrapper.application; includeInIndex = 0; path = "call recorder.app"; sourceTree = BUILT_PRODUCTS_DIR; };
		81BB258A2E560E400025DBC6 /* StoreKit.framework */ = {isa = PBXFileReference; lastKnownFileType = wrapper.framework; name = StoreKit.framework; path = System/Library/Frameworks/StoreKit.framework; sourceTree = SDKROOT; };
		B2941999BCB85361B8EE93AF /* Pods_call_recorder.framework */ = {isa = PBXFileReference; explicitFileType = wrapper.framework; includeInIndex = 0; path = Pods_call_recorder.framework; sourceTree = BUILT_PRODUCTS_DIR; };
		C8A8D6BF77EE6FCDEFDA3BC1 /* Pods-call recorder.release.xcconfig */ = {isa = PBXFileReference; includeInIndex = 1; lastKnownFileType = text.xcconfig; name = "Pods-call recorder.release.xcconfig"; path = "Target Support Files/Pods-call recorder/Pods-call recorder.release.xcconfig"; sourceTree = "<group>"; };
/* End PBXFileReference section */

/* Begin PBXFileSystemSynchronizedRootGroup section */
		5CAE45292DF1E4F200CDE306 /* call recorder */ = {
			isa = PBXFileSystemSynchronizedRootGroup;
			path = "call recorder";
			sourceTree = "<group>";
		};
/* End PBXFileSystemSynchronizedRootGroup section */

/* Begin PBXFrameworksBuildPhase section */
		5CAE45242DF1E4F200CDE306 /* Frameworks */ = {
			isa = PBXFrameworksBuildPhase;
			buildActionMask = 2147483647;
			files = (
				813DEDAF2DFEE84800DD153F /* RevenueCat in Frameworks */,
				813DEDB62DFEE8B800DD153F /* FirebaseAnalyticsWithoutAdIdSupport in Frameworks */,
				813DEDBA2DFEE8B800DD153F /* FirebaseMessaging in Frameworks */,
				81BB258B2E560E400025DBC6 /* StoreKit.framework in Frameworks */,
				813DEDB42DFEE8B800DD153F /* FirebaseAnalytics in Frameworks */,
				81E68C302E0B0F500073A284 /* AppsFlyerLib-Static in Frameworks */,
				813DEDB12DFEE84800DD153F /* RevenueCatUI in Frameworks */,
				E1531074C91D6DC467771821 /* Pods_call_recorder.framework in Frameworks */,
			);
			runOnlyForDeploymentPostprocessing = 0;
		};
/* End PBXFrameworksBuildPhase section */

/* Begin PBXGroup section */
		5CAE451E2DF1E4F200CDE306 = {
			isa = PBXGroup;
			children = (
				5CAE45292DF1E4F200CDE306 /* call recorder */,
				812DC42E2DF5A9E500BD82A1 /* Frameworks */,
				5CAE45282DF1E4F200CDE306 /* Products */,
				BF99EE573533752F9D58A74C /* Pods */,
			);
			sourceTree = "<group>";
		};
		5CAE45282DF1E4F200CDE306 /* Products */ = {
			isa = PBXGroup;
			children = (
				5CAE45272DF1E4F200CDE306 /* call recorder.app */,
			);
			name = Products;
			sourceTree = "<group>";
		};
		812DC42E2DF5A9E500BD82A1 /* Frameworks */ = {
			isa = PBXGroup;
			children = (
				81BB258A2E560E400025DBC6 /* StoreKit.framework */,
				B2941999BCB85361B8EE93AF /* Pods_call_recorder.framework */,
			);
			name = Frameworks;
			sourceTree = "<group>";
		};
		BF99EE573533752F9D58A74C /* Pods */ = {
			isa = PBXGroup;
			children = (
				5C6BDBB35CD0D516888B8345 /* Pods-call recorder.debug.xcconfig */,
				C8A8D6BF77EE6FCDEFDA3BC1 /* Pods-call recorder.release.xcconfig */,
			);
			path = Pods;
			sourceTree = "<group>";
		};
/* End PBXGroup section */

/* Begin PBXNativeTarget section */
		5CAE45262DF1E4F200CDE306 /* call recorder */ = {
			isa = PBXNativeTarget;
			buildConfigurationList = 5CAE45352DF1E4F300CDE306 /* Build configuration list for PBXNativeTarget "call recorder" */;
			buildPhases = (
				F3EDAF257A18FFA6B38436B8 /* [CP] Check Pods Manifest.lock */,
				5CAE45232DF1E4F200CDE306 /* Sources */,
				5CAE45242DF1E4F200CDE306 /* Frameworks */,
				5CAE45252DF1E4F200CDE306 /* Resources */,
			);
			buildRules = (
			);
			dependencies = (
			);
			fileSystemSynchronizedGroups = (
				5CAE45292DF1E4F200CDE306 /* call recorder */,
			);
			name = "call recorder";
			packageProductDependencies = (
				813DEDAE2DFEE84800DD153F /* RevenueCat */,
				813DEDB02DFEE84800DD153F /* RevenueCatUI */,
				813DEDB32DFEE8B800DD153F /* FirebaseAnalytics */,
				813DEDB52DFEE8B800DD153F /* FirebaseAnalyticsWithoutAdIdSupport */,
				813DEDB92DFEE8B800DD153F /* FirebaseMessaging */,
				81E68C2F2E0B0F500073A284 /* AppsFlyerLib-Static */,
			);
			productName = "call recorder";
			productReference = 5CAE45272DF1E4F200CDE306 /* call recorder.app */;
			productType = "com.apple.product-type.application";
		};
/* End PBXNativeTarget section */

/* Begin PBXProject section */
		5CAE451F2DF1E4F200CDE306 /* Project object */ = {
			isa = PBXProject;
			attributes = {
				BuildIndependentTargetsInParallel = 1;
				LastSwiftUpdateCheck = 1620;
				LastUpgradeCheck = 1640;
				TargetAttributes = {
					5CAE45262DF1E4F200CDE306 = {
						CreatedOnToolsVersion = 16.2;
					};
				};
			};
			buildConfigurationList = 5CAE45222DF1E4F200CDE306 /* Build configuration list for PBXProject "call recorder" */;
			developmentRegion = en;
			hasScannedForEncodings = 0;
			knownRegions = (
				en,
				Base,
			);
			mainGroup = 5CAE451E2DF1E4F200CDE306;
			minimizedProjectReferenceProxies = 1;
			packageReferences = (
				813DEDAD2DFEE84800DD153F /* XCRemoteSwiftPackageReference "purchases-ios-spm" */,
				813DEDB22DFEE8B800DD153F /* XCRemoteSwiftPackageReference "firebase-ios-sdk" */,
				81E68C2E2E0B0F500073A284 /* XCRemoteSwiftPackageReference "AppsFlyerFramework-Static" */,
			);
			preferredProjectObjectVersion = 77;
			productRefGroup = 5CAE45282DF1E4F200CDE306 /* Products */;
			projectDirPath = "";
			projectRoot = "";
			targets = (
				5CAE45262DF1E4F200CDE306 /* call recorder */,
			);
		};
/* End PBXProject section */

/* Begin PBXResourcesBuildPhase section */
		5CAE45252DF1E4F200CDE306 /* Resources */ = {
			isa = PBXResourcesBuildPhase;
			buildActionMask = 2147483647;
			files = (
			);
			runOnlyForDeploymentPostprocessing = 0;
		};
/* End PBXResourcesBuildPhase section */

/* Begin PBXShellScriptBuildPhase section */
		F3EDAF257A18FFA6B38436B8 /* [CP] Check Pods Manifest.lock */ = {
			isa = PBXShellScriptBuildPhase;
			buildActionMask = 2147483647;
			files = (
			);
			inputFileListPaths = (
			);
			inputPaths = (
				"${PODS_PODFILE_DIR_PATH}/Podfile.lock",
				"${PODS_ROOT}/Manifest.lock",
			);
			name = "[CP] Check Pods Manifest.lock";
			outputFileListPaths = (
			);
			outputPaths = (
				"$(DERIVED_FILE_DIR)/Pods-call recorder-checkManifestLockResult.txt",
			);
			runOnlyForDeploymentPostprocessing = 0;
			shellPath = /bin/sh;
			shellScript = "diff \"${PODS_PODFILE_DIR_PATH}/Podfile.lock\" \"${PODS_ROOT}/Manifest.lock\" > /dev/null\nif [ $? != 0 ] ; then\n    # print error to STDERR\n    echo \"error: The sandbox is not in sync with the Podfile.lock. Run 'pod install' or update your CocoaPods installation.\" >&2\n    exit 1\nfi\n# This output is used by Xcode 'outputs' to avoid re-running this script phase.\necho \"SUCCESS\" > \"${SCRIPT_OUTPUT_FILE_0}\"\n";
			showEnvVarsInLog = 0;
		};
/* End PBXShellScriptBuildPhase section */

/* Begin PBXSourcesBuildPhase section */
		5CAE45232DF1E4F200CDE306 /* Sources */ = {
			isa = PBXSourcesBuildPhase;
			buildActionMask = 2147483647;
			files = (
			);
			runOnlyForDeploymentPostprocessing = 0;
		};
/* End PBXSourcesBuildPhase section */

/* Begin XCBuildConfiguration section */
		5CAE45332DF1E4F300CDE306 /* Debug */ = {
			isa = XCBuildConfiguration;
			buildSettings = {
				ALWAYS_SEARCH_USER_PATHS = NO;
				ASSETCATALOG_COMPILER_GENERATE_SWIFT_ASSET_SYMBOL_EXTENSIONS = YES;
				CLANG_ANALYZER_NONNULL = YES;
				CLANG_ANALYZER_NUMBER_OBJECT_CONVERSION = YES_AGGRESSIVE;
				CLANG_CXX_LANGUAGE_STANDARD = "gnu++20";
				CLANG_ENABLE_MODULES = YES;
				CLANG_ENABLE_OBJC_ARC = YES;
				CLANG_ENABLE_OBJC_WEAK = YES;
				CLANG_WARN_BLOCK_CAPTURE_AUTORELEASING = YES;
				CLANG_WARN_BOOL_CONVERSION = YES;
				CLANG_WARN_COMMA = YES;
				CLANG_WARN_CONSTANT_CONVERSION = YES;
				CLANG_WARN_DEPRECATED_OBJC_IMPLEMENTATIONS = YES;
				CLANG_WARN_DIRECT_OBJC_ISA_USAGE = YES_ERROR;
				CLANG_WARN_DOCUMENTATION_COMMENTS = YES;
				CLANG_WARN_EMPTY_BODY = YES;
				CLANG_WARN_ENUM_CONVERSION = YES;
				CLANG_WARN_INFINITE_RECURSION = YES;
				CLANG_WARN_INT_CONVERSION = YES;
				CLANG_WARN_NON_LITERAL_NULL_CONVERSION = YES;
				CLANG_WARN_OBJC_IMPLICIT_RETAIN_SELF = YES;
				CLANG_WARN_OBJC_LITERAL_CONVERSION = YES;
				CLANG_WARN_OBJC_ROOT_CLASS = YES_ERROR;
				CLANG_WARN_QUOTED_INCLUDE_IN_FRAMEWORK_HEADER = YES;
				CLANG_WARN_RANGE_LOOP_ANALYSIS = YES;
				CLANG_WARN_STRICT_PROTOTYPES = YES;
				CLANG_WARN_SUSPICIOUS_MOVE = YES;
				CLANG_WARN_UNGUARDED_AVAILABILITY = YES_AGGRESSIVE;
				CLANG_WARN_UNREACHABLE_CODE = YES;
				CLANG_WARN__DUPLICATE_METHOD_MATCH = YES;
				COPY_PHASE_STRIP = NO;
				DEBUG_INFORMATION_FORMAT = dwarf;
				DEVELOPMENT_TEAM = 3X5F4PJL63;
				ENABLE_STRICT_OBJC_MSGSEND = YES;
				ENABLE_TESTABILITY = YES;
				ENABLE_USER_SCRIPT_SANDBOXING = YES;
				GCC_C_LANGUAGE_STANDARD = gnu17;
				GCC_DYNAMIC_NO_PIC = NO;
				GCC_NO_COMMON_BLOCKS = YES;
				GCC_OPTIMIZATION_LEVEL = 0;
				GCC_PREPROCESSOR_DEFINITIONS = (
					"DEBUG=1",
					"$(inherited)",
				);
				GCC_WARN_64_TO_32_BIT_CONVERSION = YES;
				GCC_WARN_ABOUT_RETURN_TYPE = YES_ERROR;
				GCC_WARN_UNDECLARED_SELECTOR = YES;
				GCC_WARN_UNINITIALIZED_AUTOS = YES_AGGRESSIVE;
				GCC_WARN_UNUSED_FUNCTION = YES;
				GCC_WARN_UNUSED_VARIABLE = YES;
				IPHONEOS_DEPLOYMENT_TARGET = 18.2;
				LOCALIZATION_PREFERS_STRING_CATALOGS = YES;
				MTL_ENABLE_DEBUG_INFO = INCLUDE_SOURCE;
				MTL_FAST_MATH = YES;
				ONLY_ACTIVE_ARCH = YES;
				SDKROOT = iphoneos;
				SWIFT_ACTIVE_COMPILATION_CONDITIONS = "DEBUG $(inherited)";
				SWIFT_OPTIMIZATION_LEVEL = "-Onone";
			};
			name = Debug;
		};
		5CAE45342DF1E4F300CDE306 /* Release */ = {
			isa = XCBuildConfiguration;
			buildSettings = {
				ALWAYS_SEARCH_USER_PATHS = NO;
				ASSETCATALOG_COMPILER_GENERATE_SWIFT_ASSET_SYMBOL_EXTENSIONS = YES;
				CLANG_ANALYZER_NONNULL = YES;
				CLANG_ANALYZER_NUMBER_OBJECT_CONVERSION = YES_AGGRESSIVE;
				CLANG_CXX_LANGUAGE_STANDARD = "gnu++20";
				CLANG_ENABLE_MODULES = YES;
				CLANG_ENABLE_OBJC_ARC = YES;
				CLANG_ENABLE_OBJC_WEAK = YES;
				CLANG_WARN_BLOCK_CAPTURE_AUTORELEASING = YES;
				CLANG_WARN_BOOL_CONVERSION = YES;
				CLANG_WARN_COMMA = YES;
				CLANG_WARN_CONSTANT_CONVERSION = YES;
				CLANG_WARN_DEPRECATED_OBJC_IMPLEMENTATIONS = YES;
				CLANG_WARN_DIRECT_OBJC_ISA_USAGE = YES_ERROR;
				CLANG_WARN_DOCUMENTATION_COMMENTS = YES;
				CLANG_WARN_EMPTY_BODY = YES;
				CLANG_WARN_ENUM_CONVERSION = YES;
				CLANG_WARN_INFINITE_RECURSION = YES;
				CLANG_WARN_INT_CONVERSION = YES;
				CLANG_WARN_NON_LITERAL_NULL_CONVERSION = YES;
				CLANG_WARN_OBJC_IMPLICIT_RETAIN_SELF = YES;
				CLANG_WARN_OBJC_LITERAL_CONVERSION = YES;
				CLANG_WARN_OBJC_ROOT_CLASS = YES_ERROR;
				CLANG_WARN_QUOTED_INCLUDE_IN_FRAMEWORK_HEADER = YES;
				CLANG_WARN_RANGE_LOOP_ANALYSIS = YES;
				CLANG_WARN_STRICT_PROTOTYPES = YES;
				CLANG_WARN_SUSPICIOUS_MOVE = YES;
				CLANG_WARN_UNGUARDED_AVAILABILITY = YES_AGGRESSIVE;
				CLANG_WARN_UNREACHABLE_CODE = YES;
				CLANG_WARN__DUPLICATE_METHOD_MATCH = YES;
				COPY_PHASE_STRIP = NO;
				DEBUG_INFORMATION_FORMAT = "dwarf-with-dsym";
				DEVELOPMENT_TEAM = 3X5F4PJL63;
				ENABLE_NS_ASSERTIONS = NO;
				ENABLE_STRICT_OBJC_MSGSEND = YES;
				ENABLE_USER_SCRIPT_SANDBOXING = YES;
				GCC_C_LANGUAGE_STANDARD = gnu17;
				GCC_NO_COMMON_BLOCKS = YES;
				GCC_WARN_64_TO_32_BIT_CONVERSION = YES;
				GCC_WARN_ABOUT_RETURN_TYPE = YES_ERROR;
				GCC_WARN_UNDECLARED_SELECTOR = YES;
				GCC_WARN_UNINITIALIZED_AUTOS = YES_AGGRESSIVE;
				GCC_WARN_UNUSED_FUNCTION = YES;
				GCC_WARN_UNUSED_VARIABLE = YES;
				IPHONEOS_DEPLOYMENT_TARGET = 18.2;
				LOCALIZATION_PREFERS_STRING_CATALOGS = YES;
				MTL_ENABLE_DEBUG_INFO = NO;
				MTL_FAST_MATH = YES;
				SDKROOT = iphoneos;
				SWIFT_COMPILATION_MODE = wholemodule;
				VALIDATE_PRODUCT = YES;
			};
			name = Release;
		};
		5CAE45362DF1E4F300CDE306 /* Debug */ = {
			isa = XCBuildConfiguration;
			baseConfigurationReference = 5C6BDBB35CD0D516888B8345 /* Pods-call recorder.debug.xcconfig */;
			buildSettings = {
				ASSETCATALOG_COMPILER_APPICON_NAME = AppIcon;
				ASSETCATALOG_COMPILER_GLOBAL_ACCENT_COLOR_NAME = AccentColor;
				CODE_SIGN_ENTITLEMENTS = "call recorder/call recorder.entitlements";
				CODE_SIGN_IDENTITY = "Apple Development";
				CODE_SIGN_STYLE = Automatic;
				CURRENT_PROJECT_VERSION = 9;
				DEVELOPMENT_ASSET_PATHS = "\"call recorder/Preview Content\"";
				DEVELOPMENT_TEAM = "";
				ENABLE_PREVIEWS = YES;
				GENERATE_INFOPLIST_FILE = YES;
				INFOPLIST_FILE = "call-recorder-Info.plist";
				INFOPLIST_KEY_CFBundleDisplayName = "Call Recorder";
				INFOPLIST_KEY_LSApplicationCategoryType = "public.app-category.utilities";
				INFOPLIST_KEY_NSMicrophoneUsageDescription = "This app needs access to your microphone to record phone calls and provide transcription services.";
				INFOPLIST_KEY_NSUserTrackingUsageDescription = "This app uses tracking to provide you with personalized ads and improve your experience.";
				INFOPLIST_KEY_UIApplicationSceneManifest_Generation = YES;
				INFOPLIST_KEY_UIApplicationSupportsIndirectInputEvents = YES;
				INFOPLIST_KEY_UILaunchScreen_Generation = YES;
				INFOPLIST_KEY_UILaunchStoryboardName = "Launch Screen";
				INFOPLIST_KEY_UIRequiresFullScreen = YES;
				INFOPLIST_KEY_UISupportedInterfaceOrientations = "UIInterfaceOrientationPortrait UIInterfaceOrientationPortraitUpsideDown";
				IPHONEOS_DEPLOYMENT_TARGET = 16.0;
				LD_RUNPATH_SEARCH_PATHS = (
					"$(inherited)",
					"@executable_path/Frameworks",
				);
				MARKETING_VERSION = 1.0.8;
				PRODUCT_BUNDLE_IDENTIFIER = com.call.recorder.phone.audio;
				PRODUCT_NAME = "$(TARGET_NAME)";
				PROVISIONING_PROFILE_SPECIFIER = "";
				SWIFT_EMIT_LOC_STRINGS = YES;
				SWIFT_VERSION = 5.0;
				TARGETED_DEVICE_FAMILY = "1,2";
			};
			name = Debug;
		};
		5CAE45372DF1E4F300CDE306 /* Release */ = {
			isa = XCBuildConfiguration;
			baseConfigurationReference = C8A8D6BF77EE6FCDEFDA3BC1 /* Pods-call recorder.release.xcconfig */;
			buildSettings = {
				ASSETCATALOG_COMPILER_APPICON_NAME = AppIcon;
				ASSETCATALOG_COMPILER_GLOBAL_ACCENT_COLOR_NAME = AccentColor;
				CODE_SIGN_ENTITLEMENTS = "call recorder/call recorder.entitlements";
				CODE_SIGN_IDENTITY = "Apple Development";
				CODE_SIGN_STYLE = Automatic;
				CURRENT_PROJECT_VERSION = 9;
				DEVELOPMENT_ASSET_PATHS = "\"call recorder/Preview Content\"";
				DEVELOPMENT_TEAM = "";
				ENABLE_PREVIEWS = YES;
				GENERATE_INFOPLIST_FILE = YES;
				INFOPLIST_FILE = "call-recorder-Info.plist";
				INFOPLIST_KEY_CFBundleDisplayName = "Call Recorder";
				INFOPLIST_KEY_LSApplicationCategoryType = "public.app-category.utilities";
				INFOPLIST_KEY_NSMicrophoneUsageDescription = "This app needs access to your microphone to record phone calls and provide transcription services.";
				INFOPLIST_KEY_NSUserTrackingUsageDescription = "This app uses tracking to provide you with personalized ads and improve your experience.";
				INFOPLIST_KEY_UIApplicationSceneManifest_Generation = YES;
				INFOPLIST_KEY_UIApplicationSupportsIndirectInputEvents = YES;
				INFOPLIST_KEY_UILaunchScreen_Generation = YES;
				INFOPLIST_KEY_UILaunchStoryboardName = "Launch Screen";
				INFOPLIST_KEY_UIRequiresFullScreen = YES;
				INFOPLIST_KEY_UISupportedInterfaceOrientations = "UIInterfaceOrientationPortrait UIInterfaceOrientationPortraitUpsideDown";
				IPHONEOS_DEPLOYMENT_TARGET = 16.0;
				LD_RUNPATH_SEARCH_PATHS = (
					"$(inherited)",
					"@executable_path/Frameworks",
				);
				MARKETING_VERSION = 1.0.8;
				PRODUCT_BUNDLE_IDENTIFIER = com.call.recorder.phone.audio;
				PRODUCT_NAME = "$(TARGET_NAME)";
				PROVISIONING_PROFILE_SPECIFIER = "";
				SWIFT_EMIT_LOC_STRINGS = YES;
				SWIFT_VERSION = 5.0;
				TARGETED_DEVICE_FAMILY = "1,2";
			};
			name = Release;
		};
/* End XCBuildConfiguration section */

/* Begin XCConfigurationList section */
		5CAE45222DF1E4F200CDE306 /* Build configuration list for PBXProject "call recorder" */ = {
			isa = XCConfigurationList;
			buildConfigurations = (
				5CAE45332DF1E4F300CDE306 /* Debug */,
				5CAE45342DF1E4F300CDE306 /* Release */,
			);
			defaultConfigurationIsVisible = 0;
			defaultConfigurationName = Release;
		};
		5CAE45352DF1E4F300CDE306 /* Build configuration list for PBXNativeTarget "call recorder" */ = {
			isa = XCConfigurationList;
			buildConfigurations = (
				5CAE45362DF1E4F300CDE306 /* Debug */,
				5CAE45372DF1E4F300CDE306 /* Release */,
			);
			defaultConfigurationIsVisible = 0;
			defaultConfigurationName = Release;
		};
/* End XCConfigurationList section */

/* Begin XCRemoteSwiftPackageReference section */
		813DEDAD2DFEE84800DD153F /* XCRemoteSwiftPackageReference "purchases-ios-spm" */ = {
			isa = XCRemoteSwiftPackageReference;
			repositoryURL = "https://github.com/RevenueCat/purchases-ios-spm";
			requirement = {
				kind = upToNextMajorVersion;
				minimumVersion = 5.28.1;
			};
		};
		813DEDB22DFEE8B800DD153F /* XCRemoteSwiftPackageReference "firebase-ios-sdk" */ = {
			isa = XCRemoteSwiftPackageReference;
			repositoryURL = "https://github.com/firebase/firebase-ios-sdk";
			requirement = {
				kind = upToNextMajorVersion;
				minimumVersion = 11.14.0;
			};
		};
		81E68C2E2E0B0F500073A284 /* XCRemoteSwiftPackageReference "AppsFlyerFramework-Static" */ = {
			isa = XCRemoteSwiftPackageReference;
			repositoryURL = "https://github.com/AppsFlyerSDK/AppsFlyerFramework-Static";
			requirement = {
				kind = upToNextMajorVersion;
				minimumVersion = 6.17.0;
			};
		};
/* End XCRemoteSwiftPackageReference section */

/* Begin XCSwiftPackageProductDependency section */
		813DEDAE2DFEE84800DD153F /* RevenueCat */ = {
			isa = XCSwiftPackageProductDependency;
			package = 813DEDAD2DFEE84800DD153F /* XCRemoteSwiftPackageReference "purchases-ios-spm" */;
			productName = RevenueCat;
		};
		813DEDB02DFEE84800DD153F /* RevenueCatUI */ = {
			isa = XCSwiftPackageProductDependency;
			package = 813DEDAD2DFEE84800DD153F /* XCRemoteSwiftPackageReference "purchases-ios-spm" */;
			productName = RevenueCatUI;
		};
		813DEDB32DFEE8B800DD153F /* FirebaseAnalytics */ = {
			isa = XCSwiftPackageProductDependency;
			package = 813DEDB22DFEE8B800DD153F /* XCRemoteSwiftPackageReference "firebase-ios-sdk" */;
			productName = FirebaseAnalytics;
		};
		813DEDB52DFEE8B800DD153F /* FirebaseAnalyticsWithoutAdIdSupport */ = {
			isa = XCSwiftPackageProductDependency;
			package = 813DEDB22DFEE8B800DD153F /* XCRemoteSwiftPackageReference "firebase-ios-sdk" */;
			productName = FirebaseAnalyticsWithoutAdIdSupport;
		};
		813DEDB92DFEE8B800DD153F /* FirebaseMessaging */ = {
			isa = XCSwiftPackageProductDependency;
			package = 813DEDB22DFEE8B800DD153F /* XCRemoteSwiftPackageReference "firebase-ios-sdk" */;
			productName = FirebaseMessaging;
		};
		81E68C2F2E0B0F500073A284 /* AppsFlyerLib-Static */ = {
			isa = XCSwiftPackageProductDependency;
			package = 81E68C2E2E0B0F500073A284 /* XCRemoteSwiftPackageReference "AppsFlyerFramework-Static" */;
			productName = "AppsFlyerLib-Static";
		};
/* End XCSwiftPackageProductDependency section */
	};
	rootObject = 5CAE451F2DF1E4F200CDE306 /* Project object */;
}
